
Microsoft Visual Studio Solution File, Format Version 12.00
# Visual Studio Version 16
VisualStudioVersion = 16.0.32630.194
MinimumVisualStudioVersion = 10.0.40219.1
Project("{FAE04EC0-301F-11D3-BF4B-00C04F79EFBC}") = "FonProje", "FonProje\FonProje.csproj", "{9264C0E0-EDEA-4794-B9F1-BD9DCD4F294C}"
EndProject
Global
	GlobalSection(SolutionConfigurationPlatforms) = preSolution
		Debug|Any CPU = Debug|Any CPU
		Release|Any CPU = Release|Any CPU
	EndGlobalSection
	GlobalSection(ProjectConfigurationPlatforms) = postSolution
		{9264C0E0-EDEA-4794-B9F1-BD9DCD4F294C}.Debug|Any CPU.ActiveCfg = Debug|Any CPU
		{9264C0E0-EDEA-4794-B9F1-BD9DCD4F294C}.Debug|Any CPU.Build.0 = Debug|Any CPU
		{9264C0E0-EDEA-4794-B9F1-BD9DCD4F294C}.Release|Any CPU.ActiveCfg = Release|Any CPU
		{9264C0E0-EDEA-4794-B9F1-BD9DCD4F294C}.Release|Any CPU.Build.0 = Release|Any CPU
	EndGlobalSection
	GlobalSection(SolutionProperties) = preSolution
		HideSolutionNode = FALSE
	EndGlobalSection
	GlobalSection(ExtensibilityGlobals) = postSolution
		SolutionGuid = {21922035-9262-4FEA-898D-F9271FA94C7B}
	EndGlobalSection
EndGlobal
